
Microsoft Visual Studio Solution File, Format Version 12.00
# Visual Studio 15
VisualStudioVersion = 15.0.26730.12
MinimumVisualStudioVersion = 10.0.40219.1
Project("{9A19103F-16F7-4668-BE54-9A1E7A4F7556}") = "GamerApp", "MongoDBGames\GamerApp.csproj", "{A613C9C2-6547-4218-95DF-CF64EFA4BF07}"
EndProject
Project("{2150E333-8FDC-42A3-9474-1A3956D46DE8}") = "2 - Presentation", "2 - Presentation", "{D9A52ABD-582C-484F-B8FA-D412719C491F}"
EndProject
Project("{2150E333-8FDC-42A3-9474-1A3956D46DE8}") = "4 - Domain", "4 - Domain", "{EA1FBECF-EAA3-4375-84DE-FAC3899715F6}"
EndProject
Project("{2150E333-8FDC-42A3-9474-1A3956D46DE8}") = "5 - DataAccess", "5 - DataAccess", "{D6610926-2D5C-4E05-A623-1D12BAB74B93}"
EndProject
Project("{2150E333-8FDC-42A3-9474-1A3956D46DE8}") = "6 - Infrastructure", "6 - Infrastructure", "{43215507-4280-47B1-BAAA-C8D0201C22B3}"
EndProject
Project("{2150E333-8FDC-42A3-9474-1A3956D46DE8}") = "1 - Tests", "1 - Tests", "{D475C4C4-0991-4CD0-8A01-612FAB940B53}"
EndProject
Project("{2150E333-8FDC-42A3-9474-1A3956D46DE8}") = "3 - Application", "3 - Application", "{082308EF-F6BE-45D7-B883-7F05384B4B0F}"
EndProject
Project("{9A19103F-16F7-4668-BE54-9A1E7A4F7556}") = "Domain", "Domain\Domain.csproj", "{03402D94-EA42-4339-8323-F443429BF04C}"
EndProject
Project("{9A19103F-16F7-4668-BE54-9A1E7A4F7556}") = "DataAccess", "DataAccess\DataAccess.csproj", "{1D50E693-A34C-43CA-81CF-D2758FA445F8}"
EndProject
Project("{9A19103F-16F7-4668-BE54-9A1E7A4F7556}") = "Infrastrcture", "Infrastrcture\Infrastrcture.csproj", "{28FFA327-94F8-4C45-94A6-5A2803416881}"
EndProject
Project("{9A19103F-16F7-4668-BE54-9A1E7A4F7556}") = "Applications", "Applications\Applications.csproj", "{D81EFEEC-A21D-425B-8112-D3E6F94E395A}"
EndProject
Project("{9A19103F-16F7-4668-BE54-9A1E7A4F7556}") = "UI", "UI\UI.csproj", "{86A54E87-8F17-4F0D-BDBB-81E389955086}"
EndProject
Project("{9A19103F-16F7-4668-BE54-9A1E7A4F7556}") = "GamersApp", "GamersApp\GamersApp.csproj", "{93AD547C-3E84-46B9-9AF8-E05071425800}"
EndProject
Project("{FAE04EC0-301F-11D3-BF4B-00C04F79EFBC}") = "UnitTest", "UnitTest\UnitTest.csproj", "{C866AA31-E5C6-405A-B775-7A21EA956297}"
EndProject
Global
	GlobalSection(SolutionConfigurationPlatforms) = preSolution
		Debug|Any CPU = Debug|Any CPU
		Release|Any CPU = Release|Any CPU
	EndGlobalSection
	GlobalSection(ProjectConfigurationPlatforms) = postSolution
		{A613C9C2-6547-4218-95DF-CF64EFA4BF07}.Debug|Any CPU.ActiveCfg = Debug|Any CPU
		{A613C9C2-6547-4218-95DF-CF64EFA4BF07}.Debug|Any CPU.Build.0 = Debug|Any CPU
		{A613C9C2-6547-4218-95DF-CF64EFA4BF07}.Release|Any CPU.ActiveCfg = Release|Any CPU
		{A613C9C2-6547-4218-95DF-CF64EFA4BF07}.Release|Any CPU.Build.0 = Release|Any CPU
		{03402D94-EA42-4339-8323-F443429BF04C}.Debug|Any CPU.ActiveCfg = Debug|Any CPU
		{03402D94-EA42-4339-8323-F443429BF04C}.Debug|Any CPU.Build.0 = Debug|Any CPU
		{03402D94-EA42-4339-8323-F443429BF04C}.Release|Any CPU.ActiveCfg = Release|Any CPU
		{03402D94-EA42-4339-8323-F443429BF04C}.Release|Any CPU.Build.0 = Release|Any CPU
		{1D50E693-A34C-43CA-81CF-D2758FA445F8}.Debug|Any CPU.ActiveCfg = Debug|Any CPU
		{1D50E693-A34C-43CA-81CF-D2758FA445F8}.Debug|Any CPU.Build.0 = Debug|Any CPU
		{1D50E693-A34C-43CA-81CF-D2758FA445F8}.Release|Any CPU.ActiveCfg = Release|Any CPU
		{1D50E693-A34C-43CA-81CF-D2758FA445F8}.Release|Any CPU.Build.0 = Release|Any CPU
		{28FFA327-94F8-4C45-94A6-5A2803416881}.Debug|Any CPU.ActiveCfg = Debug|Any CPU
		{28FFA327-94F8-4C45-94A6-5A2803416881}.Debug|Any CPU.Build.0 = Debug|Any CPU
		{28FFA327-94F8-4C45-94A6-5A2803416881}.Release|Any CPU.ActiveCfg = Release|Any CPU
		{28FFA327-94F8-4C45-94A6-5A2803416881}.Release|Any CPU.Build.0 = Release|Any CPU
		{D81EFEEC-A21D-425B-8112-D3E6F94E395A}.Debug|Any CPU.ActiveCfg = Debug|Any CPU
		{D81EFEEC-A21D-425B-8112-D3E6F94E395A}.Debug|Any CPU.Build.0 = Debug|Any CPU
		{D81EFEEC-A21D-425B-8112-D3E6F94E395A}.Release|Any CPU.ActiveCfg = Release|Any CPU
		{D81EFEEC-A21D-425B-8112-D3E6F94E395A}.Release|Any CPU.Build.0 = Release|Any CPU
		{86A54E87-8F17-4F0D-BDBB-81E389955086}.Debug|Any CPU.ActiveCfg = Debug|Any CPU
		{86A54E87-8F17-4F0D-BDBB-81E389955086}.Debug|Any CPU.Build.0 = Debug|Any CPU
		{86A54E87-8F17-4F0D-BDBB-81E389955086}.Release|Any CPU.ActiveCfg = Release|Any CPU
		{86A54E87-8F17-4F0D-BDBB-81E389955086}.Release|Any CPU.Build.0 = Release|Any CPU
		{93AD547C-3E84-46B9-9AF8-E05071425800}.Debug|Any CPU.ActiveCfg = Debug|Any CPU
		{93AD547C-3E84-46B9-9AF8-E05071425800}.Debug|Any CPU.Build.0 = Debug|Any CPU
		{93AD547C-3E84-46B9-9AF8-E05071425800}.Release|Any CPU.ActiveCfg = Release|Any CPU
		{93AD547C-3E84-46B9-9AF8-E05071425800}.Release|Any CPU.Build.0 = Release|Any CPU
		{C866AA31-E5C6-405A-B775-7A21EA956297}.Debug|Any CPU.ActiveCfg = Debug|Any CPU
		{C866AA31-E5C6-405A-B775-7A21EA956297}.Debug|Any CPU.Build.0 = Debug|Any CPU
		{C866AA31-E5C6-405A-B775-7A21EA956297}.Release|Any CPU.ActiveCfg = Release|Any CPU
		{C866AA31-E5C6-405A-B775-7A21EA956297}.Release|Any CPU.Build.0 = Release|Any CPU
	EndGlobalSection
	GlobalSection(SolutionProperties) = preSolution
		HideSolutionNode = FALSE
	EndGlobalSection
	GlobalSection(NestedProjects) = preSolution
		{A613C9C2-6547-4218-95DF-CF64EFA4BF07} = {D9A52ABD-582C-484F-B8FA-D412719C491F}
		{03402D94-EA42-4339-8323-F443429BF04C} = {EA1FBECF-EAA3-4375-84DE-FAC3899715F6}
		{1D50E693-A34C-43CA-81CF-D2758FA445F8} = {D6610926-2D5C-4E05-A623-1D12BAB74B93}
		{28FFA327-94F8-4C45-94A6-5A2803416881} = {43215507-4280-47B1-BAAA-C8D0201C22B3}
		{D81EFEEC-A21D-425B-8112-D3E6F94E395A} = {082308EF-F6BE-45D7-B883-7F05384B4B0F}
		{86A54E87-8F17-4F0D-BDBB-81E389955086} = {D9A52ABD-582C-484F-B8FA-D412719C491F}
		{93AD547C-3E84-46B9-9AF8-E05071425800} = {D9A52ABD-582C-484F-B8FA-D412719C491F}
		{C866AA31-E5C6-405A-B775-7A21EA956297} = {D475C4C4-0991-4CD0-8A01-612FAB940B53}
	EndGlobalSection
	GlobalSection(ExtensibilityGlobals) = postSolution
		SolutionGuid = {FC80AF99-C499-4355-BF81-4169237FC786}
	EndGlobalSection
EndGlobal
